
Microsoft Visual Studio Solution File, Format Version 12.00
# Visual Studio Version 17
VisualStudioVersion = 17.9.34902.65
MinimumVisualStudioVersion = 10.0.40219.1
Project("{FAE04EC0-301F-11D3-BF4B-00C04F79EFBC}") = "CyberShield", "CyberShield.csproj", "{A788ADB7-4F1D-4C45-8692-9B7855DAB058}"
EndProject
Global
	GlobalSection(SolutionConfigurationPlatforms) = preSolution
		Debug|Any CPU = Debug|Any CPU
		Release|Any CPU = Release|Any CPU
	EndGlobalSection
	GlobalSection(ProjectConfigurationPlatforms) = postSolution
		{A788ADB7-4F1D-4C45-8692-9B7855DAB058}.Debug|Any CPU.ActiveCfg = Debug|Any CPU
		{A788ADB7-4F1D-4C45-8692-9B7855DAB058}.Debug|Any CPU.Build.0 = Debug|Any CPU
		{A788ADB7-4F1D-4C45-8692-9B7855DAB058}.Release|Any CPU.ActiveCfg = Release|Any CPU
		{A788ADB7-4F1D-4C45-8692-9B7855DAB058}.Release|Any CPU.Build.0 = Release|Any CPU
	EndGlobalSection
	GlobalSection(SolutionProperties) = preSolution
		HideSolutionNode = FALSE
	EndGlobalSection
	GlobalSection(ExtensibilityGlobals) = postSolution
		SolutionGuid = {3F1CCABA-92EE-4752-92F9-7AC3F8D5B3BB}
	EndGlobalSection
EndGlobal
